
Microsoft Visual Studio Solution File, Format Version 12.00
# Visual Studio 15
VisualStudioVersion = 15.0.28307.329
MinimumVisualStudioVersion = 10.0.40219.1
Project("{FAE04EC0-301F-11D3-BF4B-00C04F79EFBC}") = "CS.Api.Facade", "CSAPI\CS.Api.Facade.csproj", "{BB2EAFC5-54F9-4C6C-ACB8-AE102262BDF9}"
EndProject
Project("{2150E333-8FDC-42A3-9474-1A3956D46DE8}") = "ApiInfrastructure", "ApiInfrastructure", "{FBA0B998-5092-4013-BB3D-B51146A23BB9}"
EndProject
Project("{FAE04EC0-301F-11D3-BF4B-00C04F79EFBC}") = "CS.Api.Services", "CS.Api.Services\CS.Api.Services.csproj", "{5D81298D-01BC-43DC-BF41-4C52EDFB17E7}"
EndProject
Project("{FAE04EC0-301F-11D3-BF4B-00C04F79EFBC}") = "CS.Core.AppServices", "CS.AppServices\CS.Core.AppServices.csproj", "{8B8A484C-A992-407B-A805-DFAF2BAF4C3A}"
EndProject
Project("{FAE04EC0-301F-11D3-BF4B-00C04F79EFBC}") = "CS.Core.DataAccess", "CS.DataAccess\CS.Core.DataAccess.csproj", "{A52B90FD-CAEF-4D9B-A3FE-DD92F9E8D58D}"
EndProject
Project("{FAE04EC0-301F-11D3-BF4B-00C04F79EFBC}") = "CS.Api.ResourceModels", "CS.Api.ResourceModels\CS.Api.ResourceModels.csproj", "{F68686F4-A19C-4677-8E98-AA8BC4AE1A57}"
EndProject
Project("{FAE04EC0-301F-11D3-BF4B-00C04F79EFBC}") = "CS.Core.DomainModel", "CS.Api.DomainModel\CS.Core.DomainModel.csproj", "{1B5164D2-8A13-415F-A069-894F5E26C8B3}"
EndProject
Project("{FAE04EC0-301F-11D3-BF4B-00C04F79EFBC}") = "CS.Core", "CS.Core\CS.Core.csproj", "{24DAEF5B-F365-4244-9DCE-5C274AC4E052}"
EndProject
Project("{FAE04EC0-301F-11D3-BF4B-00C04F79EFBC}") = "CS.Api.DI", "CS.Api.DI\CS.Api.DI.csproj", "{C2586A6B-2192-48ED-B924-C336E4460712}"
EndProject
Project("{FAE04EC0-301F-11D3-BF4B-00C04F79EFBC}") = "CS.Core.DI", "CS.Core.DI\CS.Core.DI.csproj", "{AD39B446-B0BA-4785-A7D8-289A416F640D}"
EndProject
Project("{FAE04EC0-301F-11D3-BF4B-00C04F79EFBC}") = "CS.Core.EFModel", "CS.Core.EFModel\CS.Core.EFModel.csproj", "{79725837-F8CD-48BC-8036-152919096CBA}"
EndProject
Global
	GlobalSection(SolutionConfigurationPlatforms) = preSolution
		Debug|Any CPU = Debug|Any CPU
		Release|Any CPU = Release|Any CPU
	EndGlobalSection
	GlobalSection(ProjectConfigurationPlatforms) = postSolution
		{BB2EAFC5-54F9-4C6C-ACB8-AE102262BDF9}.Debug|Any CPU.ActiveCfg = Debug|Any CPU
		{BB2EAFC5-54F9-4C6C-ACB8-AE102262BDF9}.Debug|Any CPU.Build.0 = Debug|Any CPU
		{BB2EAFC5-54F9-4C6C-ACB8-AE102262BDF9}.Release|Any CPU.ActiveCfg = Release|Any CPU
		{BB2EAFC5-54F9-4C6C-ACB8-AE102262BDF9}.Release|Any CPU.Build.0 = Release|Any CPU
		{5D81298D-01BC-43DC-BF41-4C52EDFB17E7}.Debug|Any CPU.ActiveCfg = Debug|Any CPU
		{5D81298D-01BC-43DC-BF41-4C52EDFB17E7}.Debug|Any CPU.Build.0 = Debug|Any CPU
		{5D81298D-01BC-43DC-BF41-4C52EDFB17E7}.Release|Any CPU.ActiveCfg = Release|Any CPU
		{5D81298D-01BC-43DC-BF41-4C52EDFB17E7}.Release|Any CPU.Build.0 = Release|Any CPU
		{8B8A484C-A992-407B-A805-DFAF2BAF4C3A}.Debug|Any CPU.ActiveCfg = Debug|Any CPU
		{8B8A484C-A992-407B-A805-DFAF2BAF4C3A}.Debug|Any CPU.Build.0 = Debug|Any CPU
		{8B8A484C-A992-407B-A805-DFAF2BAF4C3A}.Release|Any CPU.ActiveCfg = Release|Any CPU
		{8B8A484C-A992-407B-A805-DFAF2BAF4C3A}.Release|Any CPU.Build.0 = Release|Any CPU
		{A52B90FD-CAEF-4D9B-A3FE-DD92F9E8D58D}.Debug|Any CPU.ActiveCfg = Debug|Any CPU
		{A52B90FD-CAEF-4D9B-A3FE-DD92F9E8D58D}.Debug|Any CPU.Build.0 = Debug|Any CPU
		{A52B90FD-CAEF-4D9B-A3FE-DD92F9E8D58D}.Release|Any CPU.ActiveCfg = Release|Any CPU
		{A52B90FD-CAEF-4D9B-A3FE-DD92F9E8D58D}.Release|Any CPU.Build.0 = Release|Any CPU
		{F68686F4-A19C-4677-8E98-AA8BC4AE1A57}.Debug|Any CPU.ActiveCfg = Debug|Any CPU
		{F68686F4-A19C-4677-8E98-AA8BC4AE1A57}.Debug|Any CPU.Build.0 = Debug|Any CPU
		{F68686F4-A19C-4677-8E98-AA8BC4AE1A57}.Release|Any CPU.ActiveCfg = Release|Any CPU
		{F68686F4-A19C-4677-8E98-AA8BC4AE1A57}.Release|Any CPU.Build.0 = Release|Any CPU
		{1B5164D2-8A13-415F-A069-894F5E26C8B3}.Debug|Any CPU.ActiveCfg = Debug|Any CPU
		{1B5164D2-8A13-415F-A069-894F5E26C8B3}.Debug|Any CPU.Build.0 = Debug|Any CPU
		{1B5164D2-8A13-415F-A069-894F5E26C8B3}.Release|Any CPU.ActiveCfg = Release|Any CPU
		{1B5164D2-8A13-415F-A069-894F5E26C8B3}.Release|Any CPU.Build.0 = Release|Any CPU
		{24DAEF5B-F365-4244-9DCE-5C274AC4E052}.Debug|Any CPU.ActiveCfg = Debug|Any CPU
		{24DAEF5B-F365-4244-9DCE-5C274AC4E052}.Debug|Any CPU.Build.0 = Debug|Any CPU
		{24DAEF5B-F365-4244-9DCE-5C274AC4E052}.Release|Any CPU.ActiveCfg = Release|Any CPU
		{24DAEF5B-F365-4244-9DCE-5C274AC4E052}.Release|Any CPU.Build.0 = Release|Any CPU
		{C2586A6B-2192-48ED-B924-C336E4460712}.Debug|Any CPU.ActiveCfg = Debug|Any CPU
		{C2586A6B-2192-48ED-B924-C336E4460712}.Debug|Any CPU.Build.0 = Debug|Any CPU
		{C2586A6B-2192-48ED-B924-C336E4460712}.Release|Any CPU.ActiveCfg = Release|Any CPU
		{C2586A6B-2192-48ED-B924-C336E4460712}.Release|Any CPU.Build.0 = Release|Any CPU
		{AD39B446-B0BA-4785-A7D8-289A416F640D}.Debug|Any CPU.ActiveCfg = Debug|Any CPU
		{AD39B446-B0BA-4785-A7D8-289A416F640D}.Debug|Any CPU.Build.0 = Debug|Any CPU
		{AD39B446-B0BA-4785-A7D8-289A416F640D}.Release|Any CPU.ActiveCfg = Release|Any CPU
		{AD39B446-B0BA-4785-A7D8-289A416F640D}.Release|Any CPU.Build.0 = Release|Any CPU
		{79725837-F8CD-48BC-8036-152919096CBA}.Debug|Any CPU.ActiveCfg = Debug|Any CPU
		{79725837-F8CD-48BC-8036-152919096CBA}.Debug|Any CPU.Build.0 = Debug|Any CPU
		{79725837-F8CD-48BC-8036-152919096CBA}.Release|Any CPU.ActiveCfg = Release|Any CPU
		{79725837-F8CD-48BC-8036-152919096CBA}.Release|Any CPU.Build.0 = Release|Any CPU
	EndGlobalSection
	GlobalSection(SolutionProperties) = preSolution
		HideSolutionNode = FALSE
	EndGlobalSection
	GlobalSection(NestedProjects) = preSolution
		{5D81298D-01BC-43DC-BF41-4C52EDFB17E7} = {FBA0B998-5092-4013-BB3D-B51146A23BB9}
		{8B8A484C-A992-407B-A805-DFAF2BAF4C3A} = {FBA0B998-5092-4013-BB3D-B51146A23BB9}
		{A52B90FD-CAEF-4D9B-A3FE-DD92F9E8D58D} = {FBA0B998-5092-4013-BB3D-B51146A23BB9}
		{F68686F4-A19C-4677-8E98-AA8BC4AE1A57} = {FBA0B998-5092-4013-BB3D-B51146A23BB9}
		{1B5164D2-8A13-415F-A069-894F5E26C8B3} = {FBA0B998-5092-4013-BB3D-B51146A23BB9}
		{24DAEF5B-F365-4244-9DCE-5C274AC4E052} = {FBA0B998-5092-4013-BB3D-B51146A23BB9}
		{C2586A6B-2192-48ED-B924-C336E4460712} = {FBA0B998-5092-4013-BB3D-B51146A23BB9}
		{AD39B446-B0BA-4785-A7D8-289A416F640D} = {FBA0B998-5092-4013-BB3D-B51146A23BB9}
		{79725837-F8CD-48BC-8036-152919096CBA} = {FBA0B998-5092-4013-BB3D-B51146A23BB9}
	EndGlobalSection
	GlobalSection(ExtensibilityGlobals) = postSolution
		SolutionGuid = {0B60162C-837B-4CF2-8F5E-9373A883E4EE}
	EndGlobalSection
EndGlobal
